[[tools.go]]
version = "1.26.5"
backend = "core:go"
"platforms.linux-arm64" = { checksum = "sha256:fe4789e92b1f33358680864bbe8704289e7bb5fc207d80623c308935bd696d49", url = "https://dl.google.com/go/go1.26.5.linux-arm64.tar.gz"}
"platforms.linux-x64" = { checksum = "sha256:5c2c3b16caefa1d968a94c1daca04a7ca301a496d9b086e17ad77bb81393f053", url = "https://dl.google.com/go/go1.26.5.linux-amd64.tar.gz"}
"platforms.macos-arm64" = { checksum = "sha256:efb87ff28af9a188d0536ef5d42e63dd52ba8263cd7344a993cc48dd11dedb6a", url = "https://dl.google.com/go/go1.26.5.darwin-arm64.tar.gz"}
"platforms.macos-x64" = { checksum = "sha256:6231d8d3b8f5552ec6cbf6d685bdd5482e1e703214b120e89b3bf0d7bf1ef725", url = "https://dl.google.com/go/go1.26.5.darwin-amd64.tar.gz"}
"platforms.windows-x64" = { checksum = "sha256:97e6b2a833b6d89f9ff17d25419ac0a7e3b482a044e9ab18cdef834bd834fd38", url = "https://dl.google.com/go/go1.26.5.windows-amd64.zip"}

[[tools."go:github.com/sethvargo/ratchet"]]
version = "0.11.4"
backend = "go:github.com/sethvargo/ratchet"

[[tools.golangci-lint]]
version = "2.5.0"
backend = "aqua:golangci/golangci-lint"
"platforms.linux-arm64" = { checksum = "sha256:48693a98a7f4556d1117300aae240d0fe483df8d6f36dfaba56504626101a66e", url = "https://github.com/golangci/golangci-lint/releases/download/v2.5.0/golangci-lint-2.5.0-linux-arm64.tar.gz"}
"platforms.linux-x64" = { checksum = "sha256:c77313a77e19b06123962c411d9943cc0d092bbec76b956104d18964e274902e", url = "https://github.com/golangci/golangci-lint/releases/download/v2.5.0/golangci-lint-2.5.0-linux-amd64.tar.gz"}
"platforms.macos-arm64" = { checksum = "sha256:0b3cbdc2a2472f60b538ebccb1b2e1ae5d938a051c010591aa68c6efd3706672", url = "https://github.com/golangci/golangci-lint/releases/download/v2.5.0/golangci-lint-2.5.0-darwin-arm64.tar.gz"}
"platforms.macos-x64" = { checksum = "sha256:a7e684872b00637d642d088dde783c1b871161a92678fcf13d07abe6b5c32e36", url = "https://github.com/golangci/golangci-lint/releases/download/v2.5.0/golangci-lint-2.5.0-darwin-amd64.tar.gz"}
"platforms.windows-x64" = { checksum = "sha256:8d37563c2549e38135eac46e778164d2c5b1e96b9211f2087814d74ca0f358a8", url = "https://github.com/golangci/golangci-lint/releases/download/v2.5.0/golangci-lint-2.5.0-windows-amd64.zip"}
